// !$*UTF8*$!
{
	archiveVersion = 1;
	classes = {
	};
	objectVersion = 46;
	objects = {

/* Begin PBXBuildFile section */
		2F8379A019B6D83900FD1F82 /* main.cpp in Sources */ = {isa = PBXBuildFile; fileRef = 2F2473DE19AE85D100BA37CE /* main.cpp */; };
		2F8379A419B6DCBE00FD1F82 /* dynb-main.cpp in Sources */ = {isa = PBXBuildFile; fileRef = 2F8379A119B6DCBE00FD1F82 /* dynb-main.cpp */; };
		2F8379A519B6DCBE00FD1F82 /* dynb.cpp in Sources */ = {isa = PBXBuildFile; fileRef = 2F8379A219B6DCBE00FD1F82 /* dynb.cpp */; };
/* End PBXBuildFile section */

/* Begin PBXCopyFilesBuildPhase section */
		2F2473D919AE85D100BA37CE /* CopyFiles */ = {
			isa = PBXCopyFilesBuildPhase;
			buildActionMask = 2147483647;
			dstPath = /usr/share/man/man1/;
			dstSubfolderSpec = 0;
			files = (
			);
			runOnlyForDeploymentPostprocessing = 1;
		};
/* End PBXCopyFilesBuildPhase section */

/* Begin PBXFileReference section */
		2F2473DB19AE85D100BA37CE /* pa4x */ = {isa = PBXFileReference; explicitFileType = "compiled.mach-o.executable"; includeInIndex = 0; path = pa4x; sourceTree = BUILT_PRODUCTS_DIR; };
		2F2473DE19AE85D100BA37CE /* main.cpp */ = {isa = PBXFileReference; lastKnownFileType = sourcecode.cpp.cpp; path = main.cpp; sourceTree = "<group>"; };
		2F83799919B65FC500FD1F82 /* dynb-virt.cpp */ = {isa = PBXFileReference; fileEncoding = 4; lastKnownFileType = sourcecode.cpp.cpp; name = "dynb-virt.cpp"; path = "../../dynb-virt.cpp"; sourceTree = "<group>"; };
		2F8379A119B6DCBE00FD1F82 /* dynb-main.cpp */ = {isa = PBXFileReference; fileEncoding = 4; lastKnownFileType = sourcecode.cpp.cpp; name = "dynb-main.cpp"; path = "../../dynb-main.cpp"; sourceTree = "<group>"; };
		2F8379A219B6DCBE00FD1F82 /* dynb.cpp */ = {isa = PBXFileReference; fileEncoding = 4; lastKnownFileType = sourcecode.cpp.cpp; name = dynb.cpp; path = ../../dynb.cpp; sourceTree = "<group>"; };
		2F8379A319B6DCBE00FD1F82 /* dynb.h */ = {isa = PBXFileReference; fileEncoding = 4; lastKnownFileType = sourcecode.c.h; name = dynb.h; path = ../../dynb.h; sourceTree = "<group>"; };
/* End PBXFileReference section */

/* Begin PBXFrameworksBuildPhase section */
		2F2473D819AE85D100BA37CE /* Frameworks */ = {
			isa = PBXFrameworksBuildPhase;
			buildActionMask = 2147483647;
			files = (
			);
			runOnlyForDeploymentPostprocessing = 0;
		};
/* End PBXFrameworksBuildPhase section */

/* Begin PBXGroup section */
		2F2473D219AE85D100BA37CE = {
			isa = PBXGroup;
			children = (
				2F2473DD19AE85D100BA37CE /* pa4x */,
				2F2473DC19AE85D100BA37CE /* Products */,
			);
			sourceTree = "<group>";
		};
		2F2473DC19AE85D100BA37CE /* Products */ = {
			isa = PBXGroup;
			children = (
				2F2473DB19AE85D100BA37CE /* pa4x */,
			);
			name = Products;
			sourceTree = "<group>";
		};
		2F2473DD19AE85D100BA37CE /* pa4x */ = {
			isa = PBXGroup;
			children = (
				2F8379A319B6DCBE00FD1F82 /* dynb.h */,
				2F8379A119B6DCBE00FD1F82 /* dynb-main.cpp */,
				2F8379A219B6DCBE00FD1F82 /* dynb.cpp */,
				2F83799919B65FC500FD1F82 /* dynb-virt.cpp */,
				2F2473DE19AE85D100BA37CE /* main.cpp */,
			);
			path = pa4x;
			sourceTree = "<group>";
		};
/* End PBXGroup section */

/* Begin PBXNativeTarget section */
		2F2473DA19AE85D100BA37CE /* pa4x */ = {
			isa = PBXNativeTarget;
			buildConfigurationList = 2F2473E219AE85D100BA37CE /* Build configuration list for PBXNativeTarget "pa4x" */;
			buildPhases = (
				2F2473D719AE85D100BA37CE /* Sources */,
				2F2473D819AE85D100BA37CE /* Frameworks */,
				2F2473D919AE85D100BA37CE /* CopyFiles */,
			);
			buildRules = (
			);
			dependencies = (
			);
			name = pa4x;
			productName = pa4x;
			productReference = 2F2473DB19AE85D100BA37CE /* pa4x */;
			productType = "com.apple.product-type.tool";
		};
/* End PBXNativeTarget section */

/* Begin PBXProject section */
		2F2473D319AE85D100BA37CE /* Project object */ = {
			isa = PBXProject;
			attributes = {
				LastUpgradeCheck = 0600;
				ORGANIZATIONNAME = "FT: Felicia Truong & Tyler Weimin Ouyang";
				TargetAttributes = {
					2F2473DA19AE85D100BA37CE = {
						CreatedOnToolsVersion = 6.0;
					};
				};
			};
			buildConfigurationList = 2F2473D619AE85D100BA37CE /* Build configuration list for PBXProject "pa4x" */;
			compatibilityVersion = "Xcode 3.2";
			developmentRegion = English;
			hasScannedForEncodings = 0;
			knownRegions = (
				en,
			);
			mainGroup = 2F2473D219AE85D100BA37CE;
			productRefGroup = 2F2473DC19AE85D100BA37CE /* Products */;
			projectDirPath = "";
			projectRoot = "";
			targets = (
				2F2473DA19AE85D100BA37CE /* pa4x */,
			);
		};
/* End PBXProject section */

/* Begin PBXSourcesBuildPhase section */
		2F2473D719AE85D100BA37CE /* Sources */ = {
			isa = PBXSourcesBuildPhase;
			buildActionMask = 2147483647;
			files = (
				2F8379A019B6D83900FD1F82 /* main.cpp in Sources */,
				2F8379A419B6DCBE00FD1F82 /* dynb-main.cpp in Sources */,
				2F8379A519B6DCBE00FD1F82 /* dynb.cpp in Sources */,
			);
			runOnlyForDeploymentPostprocessing = 0;
		};
/* End PBXSourcesBuildPhase section */

/* Begin XCBuildConfiguration section */
		2F2473E019AE85D100BA37CE /* Debug */ = {
			isa = XCBuildConfiguration;
			buildSettings = {
				ALWAYS_SEARCH_USER_PATHS = NO;
				CLANG_CXX_LANGUAGE_STANDARD = "gnu++0x";
				CLANG_CXX_LIBRARY = "libc++";
				CLANG_ENABLE_MODULES = YES;
				CLANG_ENABLE_OBJC_ARC = YES;
				CLANG_WARN_BOOL_CONVERSION = YES;
				CLANG_WARN_CONSTANT_CONVERSION = YES;
				CLANG_WARN_DIRECT_OBJC_ISA_USAGE = YES_ERROR;
				CLANG_WARN_EMPTY_BODY = YES;
				CLANG_WARN_ENUM_CONVERSION = YES;
				CLANG_WARN_INT_CONVERSION = YES;
				CLANG_WARN_OBJC_ROOT_CLASS = YES_ERROR;
				CLANG_WARN_UNREACHABLE_CODE = YES;
				CLANG_WARN__DUPLICATE_METHOD_MATCH = YES;
				COPY_PHASE_STRIP = NO;
				ENABLE_STRICT_OBJC_MSGSEND = YES;
				GCC_C_LANGUAGE_STANDARD = gnu99;
				GCC_DYNAMIC_NO_PIC = NO;
				GCC_OPTIMIZATION_LEVEL = 0;
				GCC_PREPROCESSOR_DEFINITIONS = (
					"DEBUG=1",
					"$(inherited)",
				);
				GCC_SYMBOLS_PRIVATE_EXTERN = NO;
				GCC_WARN_64_TO_32_BIT_CONVERSION = YES;
				GCC_WARN_ABOUT_RETURN_TYPE = YES_ERROR;
				GCC_WARN_UNDECLARED_SELECTOR = YES;
				GCC_WARN_UNINITIALIZED_AUTOS = YES_AGGRESSIVE;
				GCC_WARN_UNUSED_FUNCTION = YES;
				GCC_WARN_UNUSED_VARIABLE = YES;
				MACOSX_DEPLOYMENT_TARGET = 10.9;
				MTL_ENABLE_DEBUG_INFO = YES;
				ONLY_ACTIVE_ARCH = YES;
				SDKROOT = macosx;
			};
			name = Debug;
		};
		2F2473E119AE85D100BA37CE /* Release */ = {
			isa = XCBuildConfiguration;
			buildSettings = {
				ALWAYS_SEARCH_USER_PATHS = NO;
				CLANG_CXX_LANGUAGE_STANDARD = "gnu++0x";
				CLANG_CXX_LIBRARY = "libc++";
				CLANG_ENABLE_MODULES = YES;
				CLANG_ENABLE_OBJC_ARC = YES;
				CLANG_WARN_BOOL_CONVERSION = YES;
				CLANG_WARN_CONSTANT_CONVERSION = YES;
				CLANG_WARN_DIRECT_OBJC_ISA_USAGE = YES_ERROR;
				CLANG_WARN_EMPTY_BODY = YES;
				CLANG_WARN_ENUM_CONVERSION = YES;
				CLANG_WARN_INT_CONVERSION = YES;
				CLANG_WARN_OBJC_ROOT_CLASS = YES_ERROR;
				CLANG_WARN_UNREACHABLE_CODE = YES;
				CLANG_WARN__DUPLICATE_METHOD_MATCH = YES;
				COPY_PHASE_STRIP = YES;
				DEBUG_INFORMATION_FORMAT = "dwarf-with-dsym";
				ENABLE_NS_ASSERTIONS = NO;
				ENABLE_STRICT_OBJC_MSGSEND = YES;
				GCC_C_LANGUAGE_STANDARD = gnu99;
				GCC_WARN_64_TO_32_BIT_CONVERSION = YES;
				GCC_WARN_ABOUT_RETURN_TYPE = YES_ERROR;
				GCC_WARN_UNDECLARED_SELECTOR = YES;
				GCC_WARN_UNINITIALIZED_AUTOS = YES_AGGRESSIVE;
				GCC_WARN_UNUSED_FUNCTION = YES;
				GCC_WARN_UNUSED_VARIABLE = YES;
				MACOSX_DEPLOYMENT_TARGET = 10.9;
				MTL_ENABLE_DEBUG_INFO = NO;
				SDKROOT = macosx;
			};
			name = Release;
		};
		2F2473E319AE85D100BA37CE /* Debug */ = {
			isa = XCBuildConfiguration;
			buildSettings = {
				PRODUCT_NAME = "$(TARGET_NAME)";
			};
			name = Debug;
		};
		2F2473E419AE85D100BA37CE /* Release */ = {
			isa = XCBuildConfiguration;
			buildSettings = {
				PRODUCT_NAME = "$(TARGET_NAME)";
			};
			name = Release;
		};
/* End XCBuildConfiguration section */

/* Begin XCConfigurationList section */
		2F2473D619AE85D100BA37CE /* Build configuration list for PBXProject "pa4x" */ = {
			isa = XCConfigurationList;
			buildConfigurations = (
				2F2473E019AE85D100BA37CE /* Debug */,
				2F2473E119AE85D100BA37CE /* Release */,
			);
			defaultConfigurationIsVisible = 0;
			defaultConfigurationName = Release;
		};
		2F2473E219AE85D100BA37CE /* Build configuration list for PBXNativeTarget "pa4x" */ = {
			isa = XCConfigurationList;
			buildConfigurations = (
				2F2473E319AE85D100BA37CE /* Debug */,
				2F2473E419AE85D100BA37CE /* Release */,
			);
			defaultConfigurationIsVisible = 0;
			defaultConfigurationName = Release;
		};
/* End XCConfigurationList section */
	};
	rootObject = 2F2473D319AE85D100BA37CE /* Project object */;
}
